
Microsoft Visual Studio Solution File, Format Version 12.00
# Visual Studio Version 16
VisualStudioVersion = 25.0.1706.3
MinimumVisualStudioVersion = 10.0.40219.1
Project("{FAE04EC0-301F-11D3-BF4B-00C04F79EFBC}") = "Mindbox_task", "Mindbox_task\Mindbox_task.csproj", "{82135F5A-1D1F-4A18-8023-0128D728C8EC}"
EndProject
Global
	GlobalSection(SolutionConfigurationPlatforms) = preSolution
		Debug|Any CPU = Debug|Any CPU
		Release|Any CPU = Release|Any CPU
	EndGlobalSection
	GlobalSection(ProjectConfigurationPlatforms) = postSolution
		{82135F5A-1D1F-4A18-8023-0128D728C8EC}.Debug|Any CPU.ActiveCfg = Debug|Any CPU
		{82135F5A-1D1F-4A18-8023-0128D728C8EC}.Debug|Any CPU.Build.0 = Debug|Any CPU
		{82135F5A-1D1F-4A18-8023-0128D728C8EC}.Release|Any CPU.ActiveCfg = Release|Any CPU
		{82135F5A-1D1F-4A18-8023-0128D728C8EC}.Release|Any CPU.Build.0 = Release|Any CPU
	EndGlobalSection
	GlobalSection(SolutionProperties) = preSolution
		HideSolutionNode = FALSE
	EndGlobalSection
	GlobalSection(ExtensibilityGlobals) = postSolution
		SolutionGuid = {181AF639-8729-4941-805D-ADDD999379C4}
	EndGlobalSection
EndGlobal
